
Microsoft Visual Studio Solution File, Format Version 12.00
# Visual Studio Version 17
VisualStudioVersion = 17.0.31903.59
MinimumVisualStudioVersion = 10.0.40219.1
Project("{2150E333-8FDC-42A3-9474-1A3956D46DE8}") = "backend", "backend", "{1AE8ACA6-933B-BF2A-3671-3E2EAC007D16}"
EndProject
Project("{2150E333-8FDC-42A3-9474-1A3956D46DE8}") = "src", "src", "{0F9113EE-888A-26D2-68B0-4A7D0A2A8745}"
EndProject
Project("{FAE04EC0-301F-11D3-BF4B-00C04F79EFBC}") = "HerPace.API", "backend\src\HerPace.API\HerPace.API.csproj", "{AA408C17-1DC7-427C-88D9-3EB205EFE314}"
EndProject
Project("{FAE04EC0-301F-11D3-BF4B-00C04F79EFBC}") = "HerPace.Core", "backend\src\HerPace.Core\HerPace.Core.csproj", "{97403A39-7488-4A5B-9367-95A10BDEC5D2}"
EndProject
Project("{FAE04EC0-301F-11D3-BF4B-00C04F79EFBC}") = "HerPace.Infrastructure", "backend\src\HerPace.Infrastructure\HerPace.Infrastructure.csproj", "{E27CDC46-0844-47A1-964B-1B985C7D4CCA}"
EndProject
Project("{FAE04EC0-301F-11D3-BF4B-00C04F79EFBC}") = "HerPace.Tests", "backend\tests\HerPace.Tests\HerPace.Tests.csproj", "{B7323E8F-F877-4D6C-9774-2598DCF991D8}"
EndProject
Project("{2150E333-8FDC-42A3-9474-1A3956D46DE8}") = "frontend", "frontend", "{CE609670-85B9-0D16-FB54-ED063D5D8A6D}"
EndProject
Project("{2150E333-8FDC-42A3-9474-1A3956D46DE8}") = "src", "src", "{E40BF17A-E631-09D5-7889-66BEE0F9AB0F}"
EndProject
Project("{FAE04EC0-301F-11D3-BF4B-00C04F79EFBC}") = "HerPace.Client", "frontend\src\HerPace.Client\HerPace.Client.csproj", "{6FCAA784-4394-44B6-B2EB-31F5C02553CE}"
EndProject
Global
	GlobalSection(SolutionConfigurationPlatforms) = preSolution
		Debug|Any CPU = Debug|Any CPU
		Debug|x64 = Debug|x64
		Debug|x86 = Debug|x86
		Release|Any CPU = Release|Any CPU
		Release|x64 = Release|x64
		Release|x86 = Release|x86
	EndGlobalSection
	GlobalSection(ProjectConfigurationPlatforms) = postSolution
		{AA408C17-1DC7-427C-88D9-3EB205EFE314}.Debug|Any CPU.ActiveCfg = Debug|Any CPU
		{AA408C17-1DC7-427C-88D9-3EB205EFE314}.Debug|Any CPU.Build.0 = Debug|Any CPU
		{AA408C17-1DC7-427C-88D9-3EB205EFE314}.Debug|x64.ActiveCfg = Debug|Any CPU
		{AA408C17-1DC7-427C-88D9-3EB205EFE314}.Debug|x64.Build.0 = Debug|Any CPU
		{AA408C17-1DC7-427C-88D9-3EB205EFE314}.Debug|x86.ActiveCfg = Debug|Any CPU
		{AA408C17-1DC7-427C-88D9-3EB205EFE314}.Debug|x86.Build.0 = Debug|Any CPU
		{AA408C17-1DC7-427C-88D9-3EB205EFE314}.Release|Any CPU.ActiveCfg = Release|Any CPU
		{AA408C17-1DC7-427C-88D9-3EB205EFE314}.Release|Any CPU.Build.0 = Release|Any CPU
		{AA408C17-1DC7-427C-88D9-3EB205EFE314}.Release|x64.ActiveCfg = Release|Any CPU
		{AA408C17-1DC7-427C-88D9-3EB205EFE314}.Release|x64.Build.0 = Release|Any CPU
		{AA408C17-1DC7-427C-88D9-3EB205EFE314}.Release|x86.ActiveCfg = Release|Any CPU
		{AA408C17-1DC7-427C-88D9-3EB205EFE314}.Release|x86.Build.0 = Release|Any CPU
		{97403A39-7488-4A5B-9367-95A10BDEC5D2}.Debug|Any CPU.ActiveCfg = Debug|Any CPU
		{97403A39-7488-4A5B-9367-95A10BDEC5D2}.Debug|Any CPU.Build.0 = Debug|Any CPU
		{97403A39-7488-4A5B-9367-95A10BDEC5D2}.Debug|x64.ActiveCfg = Debug|Any CPU
		{97403A39-7488-4A5B-9367-95A10BDEC5D2}.Debug|x64.Build.0 = Debug|Any CPU
		{97403A39-7488-4A5B-9367-95A10BDEC5D2}.Debug|x86.ActiveCfg = Debug|Any CPU
		{97403A39-7488-4A5B-9367-95A10BDEC5D2}.Debug|x86.Build.0 = Debug|Any CPU
		{97403A39-7488-4A5B-9367-95A10BDEC5D2}.Release|Any CPU.ActiveCfg = Release|Any CPU
		{97403A39-7488-4A5B-9367-95A10BDEC5D2}.Release|Any CPU.Build.0 = Release|Any CPU
		{97403A39-7488-4A5B-9367-95A10BDEC5D2}.Release|x64.ActiveCfg = Release|Any CPU
		{97403A39-7488-4A5B-9367-95A10BDEC5D2}.Release|x64.Build.0 = Release|Any CPU
		{97403A39-7488-4A5B-9367-95A10BDEC5D2}.Release|x86.ActiveCfg = Release|Any CPU
		{97403A39-7488-4A5B-9367-95A10BDEC5D2}.Release|x86.Build.0 = Release|Any CPU
		{E27CDC46-0844-47A1-964B-1B985C7D4CCA}.Debug|Any CPU.ActiveCfg = Debug|Any CPU
		{E27CDC46-0844-47A1-964B-1B985C7D4CCA}.Debug|Any CPU.Build.0 = Debug|Any CPU
		{E27CDC46-0844-47A1-964B-1B985C7D4CCA}.Debug|x64.ActiveCfg = Debug|Any CPU
		{E27CDC46-0844-47A1-964B-1B985C7D4CCA}.Debug|x64.Build.0 = Debug|Any CPU
		{E27CDC46-0844-47A1-964B-1B985C7D4CCA}.Debug|x86.ActiveCfg = Debug|Any CPU
		{E27CDC46-0844-47A1-964B-1B985C7D4CCA}.Debug|x86.Build.0 = Debug|Any CPU
		{E27CDC46-0844-47A1-964B-1B985C7D4CCA}.Release|Any CPU.ActiveCfg = Release|Any CPU
		{E27CDC46-0844-47A1-964B-1B985C7D4CCA}.Release|Any CPU.Build.0 = Release|Any CPU
		{E27CDC46-0844-47A1-964B-1B985C7D4CCA}.Release|x64.ActiveCfg = Release|Any CPU
		{E27CDC46-0844-47A1-964B-1B985C7D4CCA}.Release|x64.Build.0 = Release|Any CPU
		{E27CDC46-0844-47A1-964B-1B985C7D4CCA}.Release|x86.ActiveCfg = Release|Any CPU
		{E27CDC46-0844-47A1-964B-1B985C7D4CCA}.Release|x86.Build.0 = Release|Any CPU
		{B7323E8F-F877-4D6C-9774-2598DCF991D8}.Debug|Any CPU.ActiveCfg = Debug|Any CPU
		{B7323E8F-F877-4D6C-9774-2598DCF991D8}.Debug|Any CPU.Build.0 = Debug|Any CPU
		{B7323E8F-F877-4D6C-9774-2598DCF991D8}.Debug|x64.ActiveCfg = Debug|Any CPU
		{B7323E8F-F877-4D6C-9774-2598DCF991D8}.Debug|x64.Build.0 = Debug|Any CPU
		{B7323E8F-F877-4D6C-9774-2598DCF991D8}.Debug|x86.ActiveCfg = Debug|Any CPU
		{B7323E8F-F877-4D6C-9774-2598DCF991D8}.Debug|x86.Build.0 = Debug|Any CPU
		{B7323E8F-F877-4D6C-9774-2598DCF991D8}.Release|Any CPU.ActiveCfg = Release|Any CPU
		{B7323E8F-F877-4D6C-9774-2598DCF991D8}.Release|Any CPU.Build.0 = Release|Any CPU
		{B7323E8F-F877-4D6C-9774-2598DCF991D8}.Release|x64.ActiveCfg = Release|Any CPU
		{B7323E8F-F877-4D6C-9774-2598DCF991D8}.Release|x64.Build.0 = Release|Any CPU
		{B7323E8F-F877-4D6C-9774-2598DCF991D8}.Release|x86.ActiveCfg = Release|Any CPU
		{B7323E8F-F877-4D6C-9774-2598DCF991D8}.Release|x86.Build.0 = Release|Any CPU
		{6FCAA784-4394-44B6-B2EB-31F5C02553CE}.Debug|Any CPU.ActiveCfg = Debug|Any CPU
		{6FCAA784-4394-44B6-B2EB-31F5C02553CE}.Debug|Any CPU.Build.0 = Debug|Any CPU
		{6FCAA784-4394-44B6-B2EB-31F5C02553CE}.Debug|x64.ActiveCfg = Debug|Any CPU
		{6FCAA784-4394-44B6-B2EB-31F5C02553CE}.Debug|x64.Build.0 = Debug|Any CPU
		{6FCAA784-4394-44B6-B2EB-31F5C02553CE}.Debug|x86.ActiveCfg = Debug|Any CPU
		{6FCAA784-4394-44B6-B2EB-31F5C02553CE}.Debug|x86.Build.0 = Debug|Any CPU
		{6FCAA784-4394-44B6-B2EB-31F5C02553CE}.Release|Any CPU.ActiveCfg = Release|Any CPU
		{6FCAA784-4394-44B6-B2EB-31F5C02553CE}.Release|Any CPU.Build.0 = Release|Any CPU
		{6FCAA784-4394-44B6-B2EB-31F5C02553CE}.Release|x64.ActiveCfg = Release|Any CPU
		{6FCAA784-4394-44B6-B2EB-31F5C02553CE}.Release|x64.Build.0 = Release|Any CPU
		{6FCAA784-4394-44B6-B2EB-31F5C02553CE}.Release|x86.ActiveCfg = Release|Any CPU
		{6FCAA784-4394-44B6-B2EB-31F5C02553CE}.Release|x86.Build.0 = Release|Any CPU
	EndGlobalSection
	GlobalSection(SolutionProperties) = preSolution
		HideSolutionNode = FALSE
	EndGlobalSection
	GlobalSection(NestedProjects) = preSolution
		{0F9113EE-888A-26D2-68B0-4A7D0A2A8745} = {1AE8ACA6-933B-BF2A-3671-3E2EAC007D16}
		{AA408C17-1DC7-427C-88D9-3EB205EFE314} = {0F9113EE-888A-26D2-68B0-4A7D0A2A8745}
		{97403A39-7488-4A5B-9367-95A10BDEC5D2} = {0F9113EE-888A-26D2-68B0-4A7D0A2A8745}
		{E27CDC46-0844-47A1-964B-1B985C7D4CCA} = {0F9113EE-888A-26D2-68B0-4A7D0A2A8745}
		{B7323E8F-F877-4D6C-9774-2598DCF991D8} = {0F9113EE-888A-26D2-68B0-4A7D0A2A8745}
		{E40BF17A-E631-09D5-7889-66BEE0F9AB0F} = {CE609670-85B9-0D16-FB54-ED063D5D8A6D}
		{6FCAA784-4394-44B6-B2EB-31F5C02553CE} = {E40BF17A-E631-09D5-7889-66BEE0F9AB0F}
	EndGlobalSection
EndGlobal
